
Microsoft Visual Studio Solution File, Format Version 12.00
# Visual Studio Version 17
VisualStudioVersion = 17.3.32901.215
MinimumVisualStudioVersion = 10.0.40219.1
Project("{8BC9CEB8-8B4A-11D0-8D11-00A0C91BC942}") = "Lab 5.1", "Polycarpov\Polycarpov.vcxproj", "{9FFB96C2-9C0B-4338-9708-AA9F6D57F177}"
EndProject
Project("{8BC9CEB8-8B4A-11D0-8D11-00A0C91BC942}") = "Lab 5.2", "Lab2\Lab2.vcxproj", "{DF1F2876-9964-4D9D-B30A-B7558D96C3A3}"
EndProject
Project("{8BC9CEB8-8B4A-11D0-8D11-00A0C91BC942}") = "Lab 5.3", "Lab 5.3\Lab 5.3.vcxproj", "{DA9A0C50-1CAF-40C0-90F6-E9105D7B32BA}"
EndProject
Project("{8BC9CEB8-8B4A-11D0-8D11-00A0C91BC942}") = "Lab 5.4", "Lab 5.4\Lab 5.4.vcxproj", "{7E25C08F-A284-4152-ADB6-14685532E562}"
EndProject
Project("{8BC9CEB8-8B4A-11D0-8D11-00A0C91BC942}") = "Lab 6.1", "Lab 6.1\Lab 6.1.vcxproj", "{41D35BF8-7222-4BC9-8CA3-07B826F2AB9A}"
EndProject
Project("{8BC9CEB8-8B4A-11D0-8D11-00A0C91BC942}") = "Lab 6.2", "Lab 6.2\Lab 6.2.vcxproj", "{36A0C475-2E61-4751-B019-79B1A663403D}"
EndProject
Project("{8BC9CEB8-8B4A-11D0-8D11-00A0C91BC942}") = "Lab 6.3", "Lab 6.3\Lab 6.3.vcxproj", "{FA9FF50C-1FF6-4B6D-9020-163D974BA07A}"
EndProject
Project("{8BC9CEB8-8B4A-11D0-8D11-00A0C91BC942}") = "Lab 6.4", "Lab 6.4\Lab 6.4.vcxproj", "{E03BE738-EE05-4457-A0E7-E6F264AD6549}"
EndProject
Project("{8BC9CEB8-8B4A-11D0-8D11-00A0C91BC942}") = "Lab 6.5", "Lab 6.5\Lab 6.5.vcxproj", "{55443BAC-02F7-4D46-BB6D-BEA3B2CB6A0F}"
EndProject
Project("{8BC9CEB8-8B4A-11D0-8D11-00A0C91BC942}") = "Lab 6.6", "Lab 6.6\Lab 6.6.vcxproj", "{C692E327-381B-4ED0-9259-79A0FE51898A}"
EndProject
Project("{8BC9CEB8-8B4A-11D0-8D11-00A0C91BC942}") = "Lab 7", "Lab 7\Lab 7.vcxproj", "{F074106B-E6EA-43CB-A11A-674CD7300FE2}"
EndProject
Global
	GlobalSection(SolutionConfigurationPlatforms) = preSolution
		Debug|x64 = Debug|x64
		Debug|x86 = Debug|x86
		Release|x64 = Release|x64
		Release|x86 = Release|x86
	EndGlobalSection
	GlobalSection(ProjectConfigurationPlatforms) = postSolution
		{9FFB96C2-9C0B-4338-9708-AA9F6D57F177}.Debug|x64.ActiveCfg = Debug|x64
		{9FFB96C2-9C0B-4338-9708-AA9F6D57F177}.Debug|x64.Build.0 = Debug|x64
		{9FFB96C2-9C0B-4338-9708-AA9F6D57F177}.Debug|x86.ActiveCfg = Debug|Win32
		{9FFB96C2-9C0B-4338-9708-AA9F6D57F177}.Debug|x86.Build.0 = Debug|Win32
		{9FFB96C2-9C0B-4338-9708-AA9F6D57F177}.Release|x64.ActiveCfg = Release|x64
		{9FFB96C2-9C0B-4338-9708-AA9F6D57F177}.Release|x64.Build.0 = Release|x64
		{9FFB96C2-9C0B-4338-9708-AA9F6D57F177}.Release|x86.ActiveCfg = Release|Win32
		{9FFB96C2-9C0B-4338-9708-AA9F6D57F177}.Release|x86.Build.0 = Release|Win32
		{DF1F2876-9964-4D9D-B30A-B7558D96C3A3}.Debug|x64.ActiveCfg = Debug|x64
		{DF1F2876-9964-4D9D-B30A-B7558D96C3A3}.Debug|x64.Build.0 = Debug|x64
		{DF1F2876-9964-4D9D-B30A-B7558D96C3A3}.Debug|x86.ActiveCfg = Debug|Win32
		{DF1F2876-9964-4D9D-B30A-B7558D96C3A3}.Debug|x86.Build.0 = Debug|Win32
		{DF1F2876-9964-4D9D-B30A-B7558D96C3A3}.Release|x64.ActiveCfg = Release|x64
		{DF1F2876-9964-4D9D-B30A-B7558D96C3A3}.Release|x64.Build.0 = Release|x64
		{DF1F2876-9964-4D9D-B30A-B7558D96C3A3}.Release|x86.ActiveCfg = Release|Win32
		{DF1F2876-9964-4D9D-B30A-B7558D96C3A3}.Release|x86.Build.0 = Release|Win32
		{DA9A0C50-1CAF-40C0-90F6-E9105D7B32BA}.Debug|x64.ActiveCfg = Debug|x64
		{DA9A0C50-1CAF-40C0-90F6-E9105D7B32BA}.Debug|x64.Build.0 = Debug|x64
		{DA9A0C50-1CAF-40C0-90F6-E9105D7B32BA}.Debug|x86.ActiveCfg = Debug|Win32
		{DA9A0C50-1CAF-40C0-90F6-E9105D7B32BA}.Debug|x86.Build.0 = Debug|Win32
		{DA9A0C50-1CAF-40C0-90F6-E9105D7B32BA}.Release|x64.ActiveCfg = Release|x64
		{DA9A0C50-1CAF-40C0-90F6-E9105D7B32BA}.Release|x64.Build.0 = Release|x64
		{DA9A0C50-1CAF-40C0-90F6-E9105D7B32BA}.Release|x86.ActiveCfg = Release|Win32
		{DA9A0C50-1CAF-40C0-90F6-E9105D7B32BA}.Release|x86.Build.0 = Release|Win32
		{7E25C08F-A284-4152-ADB6-14685532E562}.Debug|x64.ActiveCfg = Debug|x64
		{7E25C08F-A284-4152-ADB6-14685532E562}.Debug|x64.Build.0 = Debug|x64
		{7E25C08F-A284-4152-ADB6-14685532E562}.Debug|x86.ActiveCfg = Debug|Win32
		{7E25C08F-A284-4152-ADB6-14685532E562}.Debug|x86.Build.0 = Debug|Win32
		{7E25C08F-A284-4152-ADB6-14685532E562}.Release|x64.ActiveCfg = Release|x64
		{7E25C08F-A284-4152-ADB6-14685532E562}.Release|x64.Build.0 = Release|x64
		{7E25C08F-A284-4152-ADB6-14685532E562}.Release|x86.ActiveCfg = Release|Win32
		{7E25C08F-A284-4152-ADB6-14685532E562}.Release|x86.Build.0 = Release|Win32
		{41D35BF8-7222-4BC9-8CA3-07B826F2AB9A}.Debug|x64.ActiveCfg = Debug|x64
		{41D35BF8-7222-4BC9-8CA3-07B826F2AB9A}.Debug|x64.Build.0 = Debug|x64
		{41D35BF8-7222-4BC9-8CA3-07B826F2AB9A}.Debug|x86.ActiveCfg = Debug|Win32
		{41D35BF8-7222-4BC9-8CA3-07B826F2AB9A}.Debug|x86.Build.0 = Debug|Win32
		{41D35BF8-7222-4BC9-8CA3-07B826F2AB9A}.Release|x64.ActiveCfg = Release|x64
		{41D35BF8-7222-4BC9-8CA3-07B826F2AB9A}.Release|x64.Build.0 = Release|x64
		{41D35BF8-7222-4BC9-8CA3-07B826F2AB9A}.Release|x86.ActiveCfg = Release|Win32
		{41D35BF8-7222-4BC9-8CA3-07B826F2AB9A}.Release|x86.Build.0 = Release|Win32
		{36A0C475-2E61-4751-B019-79B1A663403D}.Debug|x64.ActiveCfg = Debug|x64
		{36A0C475-2E61-4751-B019-79B1A663403D}.Debug|x64.Build.0 = Debug|x64
		{36A0C475-2E61-4751-B019-79B1A663403D}.Debug|x86.ActiveCfg = Debug|Win32
		{36A0C475-2E61-4751-B019-79B1A663403D}.Debug|x86.Build.0 = Debug|Win32
		{36A0C475-2E61-4751-B019-79B1A663403D}.Release|x64.ActiveCfg = Release|x64
		{36A0C475-2E61-4751-B019-79B1A663403D}.Release|x64.Build.0 = Release|x64
		{36A0C475-2E61-4751-B019-79B1A663403D}.Release|x86.ActiveCfg = Release|Win32
		{36A0C475-2E61-4751-B019-79B1A663403D}.Release|x86.Build.0 = Release|Win32
		{FA9FF50C-1FF6-4B6D-9020-163D974BA07A}.Debug|x64.ActiveCfg = Debug|x64
		{FA9FF50C-1FF6-4B6D-9020-163D974BA07A}.Debug|x64.Build.0 = Debug|x64
		{FA9FF50C-1FF6-4B6D-9020-163D974BA07A}.Debug|x86.ActiveCfg = Debug|Win32
		{FA9FF50C-1FF6-4B6D-9020-163D974BA07A}.Debug|x86.Build.0 = Debug|Win32
		{FA9FF50C-1FF6-4B6D-9020-163D974BA07A}.Release|x64.ActiveCfg = Release|x64
		{FA9FF50C-1FF6-4B6D-9020-163D974BA07A}.Release|x64.Build.0 = Release|x64
		{FA9FF50C-1FF6-4B6D-9020-163D974BA07A}.Release|x86.ActiveCfg = Release|Win32
		{FA9FF50C-1FF6-4B6D-9020-163D974BA07A}.Release|x86.Build.0 = Release|Win32
		{E03BE738-EE05-4457-A0E7-E6F264AD6549}.Debug|x64.ActiveCfg = Debug|x64
		{E03BE738-EE05-4457-A0E7-E6F264AD6549}.Debug|x64.Build.0 = Debug|x64
		{E03BE738-EE05-4457-A0E7-E6F264AD6549}.Debug|x86.ActiveCfg = Debug|Win32
		{E03BE738-EE05-4457-A0E7-E6F264AD6549}.Debug|x86.Build.0 = Debug|Win32
		{E03BE738-EE05-4457-A0E7-E6F264AD6549}.Release|x64.ActiveCfg = Release|x64
		{E03BE738-EE05-4457-A0E7-E6F264AD6549}.Release|x64.Build.0 = Release|x64
		{E03BE738-EE05-4457-A0E7-E6F264AD6549}.Release|x86.ActiveCfg = Release|Win32
		{E03BE738-EE05-4457-A0E7-E6F264AD6549}.Release|x86.Build.0 = Release|Win32
		{55443BAC-02F7-4D46-BB6D-BEA3B2CB6A0F}.Debug|x64.ActiveCfg = Debug|x64
		{55443BAC-02F7-4D46-BB6D-BEA3B2CB6A0F}.Debug|x64.Build.0 = Debug|x64
		{55443BAC-02F7-4D46-BB6D-BEA3B2CB6A0F}.Debug|x86.ActiveCfg = Debug|Win32
		{55443BAC-02F7-4D46-BB6D-BEA3B2CB6A0F}.Debug|x86.Build.0 = Debug|Win32
		{55443BAC-02F7-4D46-BB6D-BEA3B2CB6A0F}.Release|x64.ActiveCfg = Release|x64
		{55443BAC-02F7-4D46-BB6D-BEA3B2CB6A0F}.Release|x64.Build.0 = Release|x64
		{55443BAC-02F7-4D46-BB6D-BEA3B2CB6A0F}.Release|x86.ActiveCfg = Release|Win32
		{55443BAC-02F7-4D46-BB6D-BEA3B2CB6A0F}.Release|x86.Build.0 = Release|Win32
		{C692E327-381B-4ED0-9259-79A0FE51898A}.Debug|x64.ActiveCfg = Debug|x64
		{C692E327-381B-4ED0-9259-79A0FE51898A}.Debug|x64.Build.0 = Debug|x64
		{C692E327-381B-4ED0-9259-79A0FE51898A}.Debug|x86.ActiveCfg = Debug|Win32
		{C692E327-381B-4ED0-9259-79A0FE51898A}.Debug|x86.Build.0 = Debug|Win32
		{C692E327-381B-4ED0-9259-79A0FE51898A}.Release|x64.ActiveCfg = Release|x64
		{C692E327-381B-4ED0-9259-79A0FE51898A}.Release|x64.Build.0 = Release|x64
		{C692E327-381B-4ED0-9259-79A0FE51898A}.Release|x86.ActiveCfg = Release|Win32
		{C692E327-381B-4ED0-9259-79A0FE51898A}.Release|x86.Build.0 = Release|Win32
		{F074106B-E6EA-43CB-A11A-674CD7300FE2}.Debug|x64.ActiveCfg = Debug|x64
		{F074106B-E6EA-43CB-A11A-674CD7300FE2}.Debug|x64.Build.0 = Debug|x64
		{F074106B-E6EA-43CB-A11A-674CD7300FE2}.Debug|x86.ActiveCfg = Debug|Win32
		{F074106B-E6EA-43CB-A11A-674CD7300FE2}.Debug|x86.Build.0 = Debug|Win32
		{F074106B-E6EA-43CB-A11A-674CD7300FE2}.Release|x64.ActiveCfg = Release|x64
		{F074106B-E6EA-43CB-A11A-674CD7300FE2}.Release|x64.Build.0 = Release|x64
		{F074106B-E6EA-43CB-A11A-674CD7300FE2}.Release|x86.ActiveCfg = Release|Win32
		{F074106B-E6EA-43CB-A11A-674CD7300FE2}.Release|x86.Build.0 = Release|Win32
	EndGlobalSection
	GlobalSection(SolutionProperties) = preSolution
		HideSolutionNode = FALSE
	EndGlobalSection
	GlobalSection(ExtensibilityGlobals) = postSolution
		SolutionGuid = {1AA310A8-3E46-4911-AD39-2CA7138EB8C7}
	EndGlobalSection
EndGlobal
